// !$*UTF8*$!
{
	archiveVersion = 1;
	classes = {
	};
	objectVersion = 46;
	objects = {

/* Begin PBXBuildFile section */
		46EEC0AB205AD81B0075570C /* ResourcePath.mm in Sources */ = {isa = PBXBuildFile; fileRef = 46EEC0AA205AD81B0075570C /* ResourcePath.mm */; };
		46EEC0AE205AD81B0075570C /* main.cpp in Sources */ = {isa = PBXBuildFile; fileRef = 46EEC0AD205AD81B0075570C /* main.cpp */; };
		46EEC0B3205AD81B0075570C /* nice_music.ogg in Resources */ = {isa = PBXBuildFile; fileRef = 46EEC0B2205AD81B0075570C /* nice_music.ogg */; };
		46EEC0B5205AD81B0075570C /* sansation.ttf in Resources */ = {isa = PBXBuildFile; fileRef = 46EEC0B4205AD81B0075570C /* sansation.ttf */; };
		46EEC0B7205AD81B0075570C /* icon.png in Resources */ = {isa = PBXBuildFile; fileRef = 46EEC0B6205AD81B0075570C /* icon.png */; };
		46EEC0C0205ADA2B0075570C /* Chess.cpp in Sources */ = {isa = PBXBuildFile; fileRef = 46EEC0BE205ADA2B0075570C /* Chess.cpp */; };
		46EEC0C3205AE1850075570C /* Piece.cpp in Sources */ = {isa = PBXBuildFile; fileRef = 46EEC0C1205AE1850075570C /* Piece.cpp */; };
		46EEC0D0205AF3870075570C /* Chess_bdt60.png in Resources */ = {isa = PBXBuildFile; fileRef = 46EEC0C4205AF3870075570C /* Chess_bdt60.png */; };
		46EEC0D1205AF3870075570C /* Chess_blt60.png in Resources */ = {isa = PBXBuildFile; fileRef = 46EEC0C5205AF3870075570C /* Chess_blt60.png */; };
		46EEC0D2205AF3870075570C /* Chess_kdt60.png in Resources */ = {isa = PBXBuildFile; fileRef = 46EEC0C6205AF3870075570C /* Chess_kdt60.png */; };
		46EEC0D3205AF3870075570C /* Chess_klt60.png in Resources */ = {isa = PBXBuildFile; fileRef = 46EEC0C7205AF3870075570C /* Chess_klt60.png */; };
		46EEC0D4205AF3870075570C /* Chess_ndt60.png in Resources */ = {isa = PBXBuildFile; fileRef = 46EEC0C8205AF3870075570C /* Chess_ndt60.png */; };
		46EEC0D5205AF3870075570C /* Chess_nlt60.png in Resources */ = {isa = PBXBuildFile; fileRef = 46EEC0C9205AF3870075570C /* Chess_nlt60.png */; };
		46EEC0D6205AF3870075570C /* Chess_pdt60.png in Resources */ = {isa = PBXBuildFile; fileRef = 46EEC0CA205AF3870075570C /* Chess_pdt60.png */; };
		46EEC0D7205AF3870075570C /* Chess_plt60.png in Resources */ = {isa = PBXBuildFile; fileRef = 46EEC0CB205AF3870075570C /* Chess_plt60.png */; };
		46EEC0D8205AF3870075570C /* Chess_qdt60.png in Resources */ = {isa = PBXBuildFile; fileRef = 46EEC0CC205AF3870075570C /* Chess_qdt60.png */; };
		46EEC0D9205AF3870075570C /* Chess_qlt60.png in Resources */ = {isa = PBXBuildFile; fileRef = 46EEC0CD205AF3870075570C /* Chess_qlt60.png */; };
		46EEC0DA205AF3870075570C /* Chess_rdt60.png in Resources */ = {isa = PBXBuildFile; fileRef = 46EEC0CE205AF3870075570C /* Chess_rdt60.png */; };
		46EEC0DB205AF3870075570C /* Chess_rlt60.png in Resources */ = {isa = PBXBuildFile; fileRef = 46EEC0CF205AF3870075570C /* Chess_rlt60.png */; };
/* End PBXBuildFile section */

/* Begin PBXFileReference section */
		46EEC0A5205AD81B0075570C /* Chess.app */ = {isa = PBXFileReference; explicitFileType = wrapper.application; includeInIndex = 0; path = Chess.app; sourceTree = BUILT_PRODUCTS_DIR; };
		46EEC0A9205AD81B0075570C /* Chess-Info.plist */ = {isa = PBXFileReference; lastKnownFileType = text.plist.xml; path = "Chess-Info.plist"; sourceTree = "<group>"; };
		46EEC0AA205AD81B0075570C /* ResourcePath.mm */ = {isa = PBXFileReference; lastKnownFileType = sourcecode.cpp.objcpp; path = ResourcePath.mm; sourceTree = "<group>"; };
		46EEC0AC205AD81B0075570C /* ResourcePath.hpp */ = {isa = PBXFileReference; lastKnownFileType = sourcecode.cpp.h; path = ResourcePath.hpp; sourceTree = "<group>"; };
		46EEC0AD205AD81B0075570C /* main.cpp */ = {isa = PBXFileReference; lastKnownFileType = sourcecode.cpp.cpp; path = main.cpp; sourceTree = "<group>"; };
		46EEC0B2205AD81B0075570C /* nice_music.ogg */ = {isa = PBXFileReference; lastKnownFileType = file; path = nice_music.ogg; sourceTree = "<group>"; };
		46EEC0B4205AD81B0075570C /* sansation.ttf */ = {isa = PBXFileReference; lastKnownFileType = file; path = sansation.ttf; sourceTree = "<group>"; };
		46EEC0B6205AD81B0075570C /* icon.png */ = {isa = PBXFileReference; lastKnownFileType = image.png; path = icon.png; sourceTree = "<group>"; };
		46EEC0BE205ADA2B0075570C /* Chess.cpp */ = {isa = PBXFileReference; fileEncoding = 4; lastKnownFileType = sourcecode.cpp.cpp; path = Chess.cpp; sourceTree = "<group>"; };
		46EEC0BF205ADA2B0075570C /* Chess.hpp */ = {isa = PBXFileReference; fileEncoding = 4; lastKnownFileType = sourcecode.cpp.h; path = Chess.hpp; sourceTree = "<group>"; };
		46EEC0C1205AE1850075570C /* Piece.cpp */ = {isa = PBXFileReference; fileEncoding = 4; lastKnownFileType = sourcecode.cpp.cpp; path = Piece.cpp; sourceTree = "<group>"; };
		46EEC0C2205AE1850075570C /* Piece.hpp */ = {isa = PBXFileReference; fileEncoding = 4; lastKnownFileType = sourcecode.cpp.h; path = Piece.hpp; sourceTree = "<group>"; };
		46EEC0C4205AF3870075570C /* Chess_bdt60.png */ = {isa = PBXFileReference; lastKnownFileType = image.png; path = Chess_bdt60.png; sourceTree = "<group>"; };
		46EEC0C5205AF3870075570C /* Chess_blt60.png */ = {isa = PBXFileReference; lastKnownFileType = image.png; path = Chess_blt60.png; sourceTree = "<group>"; };
		46EEC0C6205AF3870075570C /* Chess_kdt60.png */ = {isa = PBXFileReference; lastKnownFileType = image.png; path = Chess_kdt60.png; sourceTree = "<group>"; };
		46EEC0C7205AF3870075570C /* Chess_klt60.png */ = {isa = PBXFileReference; lastKnownFileType = image.png; path = Chess_klt60.png; sourceTree = "<group>"; };
		46EEC0C8205AF3870075570C /* Chess_ndt60.png */ = {isa = PBXFileReference; lastKnownFileType = image.png; path = Chess_ndt60.png; sourceTree = "<group>"; };
		46EEC0C9205AF3870075570C /* Chess_nlt60.png */ = {isa = PBXFileReference; lastKnownFileType = image.png; path = Chess_nlt60.png; sourceTree = "<group>"; };
		46EEC0CA205AF3870075570C /* Chess_pdt60.png */ = {isa = PBXFileReference; lastKnownFileType = image.png; path = Chess_pdt60.png; sourceTree = "<group>"; };
		46EEC0CB205AF3870075570C /* Chess_plt60.png */ = {isa = PBXFileReference; lastKnownFileType = image.png; path = Chess_plt60.png; sourceTree = "<group>"; };
		46EEC0CC205AF3870075570C /* Chess_qdt60.png */ = {isa = PBXFileReference; lastKnownFileType = image.png; path = Chess_qdt60.png; sourceTree = "<group>"; };
		46EEC0CD205AF3870075570C /* Chess_qlt60.png */ = {isa = PBXFileReference; lastKnownFileType = image.png; path = Chess_qlt60.png; sourceTree = "<group>"; };
		46EEC0CE205AF3870075570C /* Chess_rdt60.png */ = {isa = PBXFileReference; lastKnownFileType = image.png; path = Chess_rdt60.png; sourceTree = "<group>"; };
		46EEC0CF205AF3870075570C /* Chess_rlt60.png */ = {isa = PBXFileReference; lastKnownFileType = image.png; path = Chess_rlt60.png; sourceTree = "<group>"; };
/* End PBXFileReference section */

/* Begin PBXFrameworksBuildPhase section */
		46EEC0A1205AD81B0075570C /* Frameworks */ = {
			isa = PBXFrameworksBuildPhase;
			buildActionMask = 2147483647;
			files = (
			);
			runOnlyForDeploymentPostprocessing = 0;
		};
/* End PBXFrameworksBuildPhase section */

/* Begin PBXGroup section */
		46EEC09B205AD81B0075570C = {
			isa = PBXGroup;
			children = (
				46EEC0BE205ADA2B0075570C /* Chess.cpp */,
				46EEC0BF205ADA2B0075570C /* Chess.hpp */,
				46EEC0C1205AE1850075570C /* Piece.cpp */,
				46EEC0C2205AE1850075570C /* Piece.hpp */,
				46EEC0A7205AD81B0075570C /* Chess */,
				46EEC0A6205AD81B0075570C /* Products */,
			);
			sourceTree = "<group>";
		};
		46EEC0A6205AD81B0075570C /* Products */ = {
			isa = PBXGroup;
			children = (
				46EEC0A5205AD81B0075570C /* Chess.app */,
			);
			name = Products;
			sourceTree = "<group>";
		};
		46EEC0A7205AD81B0075570C /* Chess */ = {
			isa = PBXGroup;
			children = (
				46EEC0AA205AD81B0075570C /* ResourcePath.mm */,
				46EEC0AC205AD81B0075570C /* ResourcePath.hpp */,
				46EEC0AD205AD81B0075570C /* main.cpp */,
				46EEC0AF205AD81B0075570C /* Resources */,
				46EEC0A8205AD81B0075570C /* Supporting Files */,
			);
			path = Chess;
			sourceTree = "<group>";
		};
		46EEC0A8205AD81B0075570C /* Supporting Files */ = {
			isa = PBXGroup;
			children = (
				46EEC0A9205AD81B0075570C /* Chess-Info.plist */,
			);
			name = "Supporting Files";
			sourceTree = "<group>";
		};
		46EEC0AF205AD81B0075570C /* Resources */ = {
			isa = PBXGroup;
			children = (
				46EEC0C4205AF3870075570C /* Chess_bdt60.png */,
				46EEC0C5205AF3870075570C /* Chess_blt60.png */,
				46EEC0C6205AF3870075570C /* Chess_kdt60.png */,
				46EEC0C7205AF3870075570C /* Chess_klt60.png */,
				46EEC0C8205AF3870075570C /* Chess_ndt60.png */,
				46EEC0C9205AF3870075570C /* Chess_nlt60.png */,
				46EEC0CA205AF3870075570C /* Chess_pdt60.png */,
				46EEC0CB205AF3870075570C /* Chess_plt60.png */,
				46EEC0CC205AF3870075570C /* Chess_qdt60.png */,
				46EEC0CD205AF3870075570C /* Chess_qlt60.png */,
				46EEC0CE205AF3870075570C /* Chess_rdt60.png */,
				46EEC0CF205AF3870075570C /* Chess_rlt60.png */,
				46EEC0B2205AD81B0075570C /* nice_music.ogg */,
				46EEC0B4205AD81B0075570C /* sansation.ttf */,
				46EEC0B6205AD81B0075570C /* icon.png */,
			);
			name = Resources;
			sourceTree = "<group>";
		};
/* End PBXGroup section */

/* Begin PBXNativeTarget section */
		46EEC0A4205AD81B0075570C /* Chess */ = {
			isa = PBXNativeTarget;
			buildConfigurationList = 46EEC0BA205AD81B0075570C /* Build configuration list for PBXNativeTarget "Chess" */;
			buildPhases = (
				46EEC0A0205AD81B0075570C /* Sources */,
				46EEC0A1205AD81B0075570C /* Frameworks */,
				46EEC0A2205AD81B0075570C /* Resources */,
				46EEC0A3205AD81B0075570C /* ShellScript */,
			);
			buildRules = (
			);
			dependencies = (
			);
			name = Chess;
			productName = Chess;
			productReference = 46EEC0A5205AD81B0075570C /* Chess.app */;
			productType = "com.apple.product-type.application";
		};
/* End PBXNativeTarget section */

/* Begin PBXProject section */
		46EEC09C205AD81B0075570C /* Project object */ = {
			isa = PBXProject;
			attributes = {
				LastUpgradeCheck = 0830;
				ORGANIZATIONNAME = "Andreas Aurlien";
				TargetAttributes = {
					46EEC0A4205AD81B0075570C = {
						CreatedOnToolsVersion = 8.3.3;
						ProvisioningStyle = Automatic;
					};
				};
			};
			buildConfigurationList = 46EEC09F205AD81B0075570C /* Build configuration list for PBXProject "Chess" */;
			compatibilityVersion = "Xcode 3.2";
			developmentRegion = English;
			hasScannedForEncodings = 0;
			knownRegions = (
				en,
			);
			mainGroup = 46EEC09B205AD81B0075570C;
			productRefGroup = 46EEC0A6205AD81B0075570C /* Products */;
			projectDirPath = "";
			projectRoot = "";
			targets = (
				46EEC0A4205AD81B0075570C /* Chess */,
			);
		};
/* End PBXProject section */

/* Begin PBXResourcesBuildPhase section */
		46EEC0A2205AD81B0075570C /* Resources */ = {
			isa = PBXResourcesBuildPhase;
			buildActionMask = 2147483647;
			files = (
				46EEC0D2205AF3870075570C /* Chess_kdt60.png in Resources */,
				46EEC0D7205AF3870075570C /* Chess_plt60.png in Resources */,
				46EEC0D8205AF3870075570C /* Chess_qdt60.png in Resources */,
				46EEC0D6205AF3870075570C /* Chess_pdt60.png in Resources */,
				46EEC0D5205AF3870075570C /* Chess_nlt60.png in Resources */,
				46EEC0D9205AF3870075570C /* Chess_qlt60.png in Resources */,
				46EEC0B7205AD81B0075570C /* icon.png in Resources */,
				46EEC0B5205AD81B0075570C /* sansation.ttf in Resources */,
				46EEC0D4205AF3870075570C /* Chess_ndt60.png in Resources */,
				46EEC0DB205AF3870075570C /* Chess_rlt60.png in Resources */,
				46EEC0B3205AD81B0075570C /* nice_music.ogg in Resources */,
				46EEC0D0205AF3870075570C /* Chess_bdt60.png in Resources */,
				46EEC0DA205AF3870075570C /* Chess_rdt60.png in Resources */,
				46EEC0D1205AF3870075570C /* Chess_blt60.png in Resources */,
				46EEC0D3205AF3870075570C /* Chess_klt60.png in Resources */,
			);
			runOnlyForDeploymentPostprocessing = 0;
		};
/* End PBXResourcesBuildPhase section */

/* Begin PBXShellScriptBuildPhase section */
		46EEC0A3205AD81B0075570C /* ShellScript */ = {
			isa = PBXShellScriptBuildPhase;
			buildActionMask = 2147483647;
			files = (
			);
			inputPaths = (
			);
			outputPaths = (
			);
			runOnlyForDeploymentPostprocessing = 0;
			shellPath = /bin/sh;
			shellScript = "# This shell script simply copies required SFML dylibs/frameworks into the application bundle frameworks folder.\n# If you're using static libraries (which is not recommended) you should remove this script from your project.\n\n# SETTINGS\nCMAKE_INSTALL_FRAMEWORK_PREFIX=\"/Library/Frameworks\"\nCMAKE_INSTALL_LIB_PREFIX=\"/usr/local/lib\"\nFRAMEWORKS_FULL_PATH=\"$BUILT_PRODUCTS_DIR/$FRAMEWORKS_FOLDER_PATH/\"\n\n# Are we building a project that uses frameworks or dylibs?\ncase \"$SFML_BINARY_TYPE\" in\n    DYLIBS)\n        frameworks=\"false\"\n        ;;\n    *)\n        frameworks=\"true\"\n        ;;\nesac\n\n# Echoes to stderr\nerror () # $* message to display\n{\n    echo $* 1>&2\n    exit 2\n}\n\nassert () # $1 is a boolean, $2...N is an error message\n{\n    if [ $# -lt 2 ]\n    then\n        error \"Internal error in assert: not enough args\"\n    fi\n\n    if [ $1 -ne 0 ]\n    then\n        shift\n        error \"$*\"\n    fi\n}\n\nforce_remove () # $@ is some paths\n{\n    test $# -ge 1\n    assert $? \"force_remove() requires at least one parameter\"\n    rm -fr $@\n    assert $? \"couldn't remove $@\"\n}\n\ncopy () # $1 is a source, $2 is a destination\n{\n    test $# -eq 2\n    assert $? \"copy() requires two parameters\"\n    ditto \"$1\" \"$2\"\n    assert $? \"couldn't copy $1 to $2\"\n}\n\nrequire () # $1 is a SFML module like 'system' or 'audio'\n{\n    dest=\"$BUILT_PRODUCTS_DIR/$FRAMEWORKS_FOLDER_PATH/\"\n\n    if [ -z \"$1\" ]\n    then\n        error \"require() requires one parameter!\"\n    else\n        # clean potentially old stuff\n        force_remove \"$dest/libsfml-$1\"*\n        force_remove \"$dest/sfml-$1.framework\"\n\n        # copy SFML libraries\n        if [ \"$frameworks\" = \"true\" ]\n        then\n            source=\"$CMAKE_INSTALL_FRAMEWORK_PREFIX/sfml-$1.framework\"\n            target=\"sfml-$1.framework\"\n        elif [ \"$SFML_LINK_DYLIBS_SUFFIX\" = \"-d\" ]\n        then\n            source=\"$CMAKE_INSTALL_LIB_PREFIX/libsfml-$1-d.dylib\"\n            target=\"`readlink $source`\"\n        else\n            source=\"$CMAKE_INSTALL_LIB_PREFIX/libsfml-$1.dylib\"\n            target=\"`readlink $source`\"\n        fi\n\n        copy \"$source\" \"$dest/$target\"\n\n        # copy extra dependencies\n        if [ \"$1\" = \"audio\" ]\n        then\n            # copy \"FLAC\" \"ogg\" \"vorbis\" \"vorbisenc\" \"vorbisfile\" \"OpenAL\" frameworks too\n            for f in \"FLAC\" \"ogg\" \"vorbis\" \"vorbisenc\" \"vorbisfile\" \"OpenAL\"\n            do\n                copy \"$CMAKE_INSTALL_FRAMEWORK_PREFIX/$f.framework\" \"$dest/$f.framework\"\n            done\n        elif [ \"$1\" = \"graphics\" ]\n        then\n            copy \"$CMAKE_INSTALL_FRAMEWORK_PREFIX/freetype.framework\" \"$dest/freetype.framework\"\n        fi\n    fi\n}\n\nif [ -n \"$SFML_SYSTEM\" ]\nthen\n    require \"system\"\nfi\n\nif [ -n \"$SFML_AUDIO\" ]\nthen\n    require \"audio\"\nfi\n\nif [ -n \"$SFML_NETWORK\" ]\nthen\n    require \"network\"\nfi\n\nif [ -n \"$SFML_WINDOW\" ]\nthen\n    require \"window\"\nfi\n\nif [ -n \"$SFML_GRAPHICS\" ]\nthen\n    require \"graphics\"\nfi\n\n                ";
		};
/* End PBXShellScriptBuildPhase section */

/* Begin PBXSourcesBuildPhase section */
		46EEC0A0205AD81B0075570C /* Sources */ = {
			isa = PBXSourcesBuildPhase;
			buildActionMask = 2147483647;
			files = (
				46EEC0C3205AE1850075570C /* Piece.cpp in Sources */,
				46EEC0AE205AD81B0075570C /* main.cpp in Sources */,
				46EEC0C0205ADA2B0075570C /* Chess.cpp in Sources */,
				46EEC0AB205AD81B0075570C /* ResourcePath.mm in Sources */,
			);
			runOnlyForDeploymentPostprocessing = 0;
		};
/* End PBXSourcesBuildPhase section */

/* Begin XCBuildConfiguration section */
		46EEC0B8205AD81B0075570C /* Debug */ = {
			isa = XCBuildConfiguration;
			buildSettings = {
				ARCHS = "$(NATIVE_ARCH_ACTUAL)";
				CLANG_CXX_LANGUAGE_STANDARD = "c++0x";
				CLANG_CXX_LIBRARY = "libc++";
				FRAMEWORK_SEARCH_PATHS = (
					/Library/Frameworks/,
					"$(inherited)",
				);
				GCC_VERSION = com.apple.compilers.llvm.clang.1_0;
				HEADER_SEARCH_PATHS = (
					/usr/local/include/,
					"$(inherited)",
				);
				LIBRARY_SEARCH_PATHS = (
					/usr/local/lib/,
					"$(inherited)",
				);
				MACOSX_DEPLOYMENT_TARGET = 10.7;
				OTHER_LDFLAGS = (
					"$(inherited)",
					"$(SFML_SYSTEM)",
					"$(SFML_WINDOW)",
					"$(SFML_GRAPHICS)",
					"$(SFML_AUDIO)",
					"$(SFML_NETWORK)",
				);
				SFML_AUDIO = "$(SFML_LINK_PREFIX) sfml-audio$(SFML_LINK_SUFFIX)";
				SFML_BINARY_TYPE = FRAMEWORKS;
				SFML_GRAPHICS = "$(SFML_LINK_PREFIX) sfml-graphics$(SFML_LINK_SUFFIX)";
				SFML_LINK_DYLIBS_PREFIX = "-l";
				SFML_LINK_DYLIBS_SUFFIX = "";
				SFML_LINK_FRAMEWORKS_PREFIX = "-framework";
				SFML_LINK_FRAMEWORKS_SUFFIX = "";
				SFML_LINK_PREFIX = "$(SFML_LINK_$(SFML_BINARY_TYPE)_PREFIX)";
				SFML_LINK_SUFFIX = "$(SFML_LINK_$(SFML_BINARY_TYPE)_SUFFIX)";
				SFML_NETWORK = "$(SFML_LINK_PREFIX) sfml-network$(SFML_LINK_SUFFIX)";
				SFML_SYSTEM = "$(SFML_LINK_PREFIX) sfml-system$(SFML_LINK_SUFFIX)";
				SFML_WINDOW = "$(SFML_LINK_PREFIX) sfml-window$(SFML_LINK_SUFFIX)";
				SUPPORTED_PLATFORMS = macosx;
			};
			name = Debug;
		};
		46EEC0B9205AD81B0075570C /* Release */ = {
			isa = XCBuildConfiguration;
			buildSettings = {
				ARCHS = "$(NATIVE_ARCH_ACTUAL)";
				CLANG_CXX_LANGUAGE_STANDARD = "c++0x";
				CLANG_CXX_LIBRARY = "libc++";
				FRAMEWORK_SEARCH_PATHS = (
					/Library/Frameworks/,
					"$(inherited)",
				);
				GCC_VERSION = com.apple.compilers.llvm.clang.1_0;
				HEADER_SEARCH_PATHS = (
					/usr/local/include/,
					"$(inherited)",
				);
				LIBRARY_SEARCH_PATHS = (
					/usr/local/lib/,
					"$(inherited)",
				);
				MACOSX_DEPLOYMENT_TARGET = 10.7;
				OTHER_LDFLAGS = (
					"$(inherited)",
					"$(SFML_SYSTEM)",
					"$(SFML_WINDOW)",
					"$(SFML_GRAPHICS)",
					"$(SFML_AUDIO)",
					"$(SFML_NETWORK)",
				);
				SFML_AUDIO = "$(SFML_LINK_PREFIX) sfml-audio$(SFML_LINK_SUFFIX)";
				SFML_BINARY_TYPE = FRAMEWORKS;
				SFML_GRAPHICS = "$(SFML_LINK_PREFIX) sfml-graphics$(SFML_LINK_SUFFIX)";
				SFML_LINK_DYLIBS_PREFIX = "-l";
				SFML_LINK_DYLIBS_SUFFIX = "";
				SFML_LINK_FRAMEWORKS_PREFIX = "-framework";
				SFML_LINK_FRAMEWORKS_SUFFIX = "";
				SFML_LINK_PREFIX = "$(SFML_LINK_$(SFML_BINARY_TYPE)_PREFIX)";
				SFML_LINK_SUFFIX = "$(SFML_LINK_$(SFML_BINARY_TYPE)_SUFFIX)";
				SFML_NETWORK = "$(SFML_LINK_PREFIX) sfml-network$(SFML_LINK_SUFFIX)";
				SFML_SYSTEM = "$(SFML_LINK_PREFIX) sfml-system$(SFML_LINK_SUFFIX)";
				SFML_WINDOW = "$(SFML_LINK_PREFIX) sfml-window$(SFML_LINK_SUFFIX)";
				SUPPORTED_PLATFORMS = macosx;
			};
			name = Release;
		};
		46EEC0BB205AD81B0075570C /* Debug */ = {
			isa = XCBuildConfiguration;
			buildSettings = {
				INFOPLIST_FILE = "Chess/Chess-Info.plist";
				LD_RUNPATH_SEARCH_PATHS = "@loader_path/../Frameworks";
				PRODUCT_NAME = "$(TARGET_NAME)";
			};
			name = Debug;
		};
		46EEC0BC205AD81B0075570C /* Release */ = {
			isa = XCBuildConfiguration;
			buildSettings = {
				INFOPLIST_FILE = "Chess/Chess-Info.plist";
				LD_RUNPATH_SEARCH_PATHS = "@loader_path/../Frameworks";
				PRODUCT_NAME = "$(TARGET_NAME)";
			};
			name = Release;
		};
/* End XCBuildConfiguration section */

/* Begin XCConfigurationList section */
		46EEC09F205AD81B0075570C /* Build configuration list for PBXProject "Chess" */ = {
			isa = XCConfigurationList;
			buildConfigurations = (
				46EEC0B8205AD81B0075570C /* Debug */,
				46EEC0B9205AD81B0075570C /* Release */,
			);
			defaultConfigurationIsVisible = 0;
			defaultConfigurationName = Release;
		};
		46EEC0BA205AD81B0075570C /* Build configuration list for PBXNativeTarget "Chess" */ = {
			isa = XCConfigurationList;
			buildConfigurations = (
				46EEC0BB205AD81B0075570C /* Debug */,
				46EEC0BC205AD81B0075570C /* Release */,
			);
			defaultConfigurationIsVisible = 0;
		};
/* End XCConfigurationList section */
	};
	rootObject = 46EEC09C205AD81B0075570C /* Project object */;
}
